
Microsoft Visual Studio Solution File, Format Version 12.00
# Visual Studio Version 17
VisualStudioVersion = 17.6.33829.357
MinimumVisualStudioVersion = 10.0.40219.1
Project("{FAE04EC0-301F-11D3-BF4B-00C04F79EFBC}") = "Core.Persistence", "Core.Persistence\Core.Persistence.csproj", "{D422C713-CDD8-453C-91D5-A6E66A035417}"
EndProject
Global
	GlobalSection(SolutionConfigurationPlatforms) = preSolution
		Debug|Any CPU = Debug|Any CPU
		Release|Any CPU = Release|Any CPU
	EndGlobalSection
	GlobalSection(ProjectConfigurationPlatforms) = postSolution
		{D422C713-CDD8-453C-91D5-A6E66A035417}.Debug|Any CPU.ActiveCfg = Debug|Any CPU
		{D422C713-CDD8-453C-91D5-A6E66A035417}.Debug|Any CPU.Build.0 = Debug|Any CPU
		{D422C713-CDD8-453C-91D5-A6E66A035417}.Release|Any CPU.ActiveCfg = Release|Any CPU
		{D422C713-CDD8-453C-91D5-A6E66A035417}.Release|Any CPU.Build.0 = Release|Any CPU
	EndGlobalSection
	GlobalSection(SolutionProperties) = preSolution
		HideSolutionNode = FALSE
	EndGlobalSection
	GlobalSection(ExtensibilityGlobals) = postSolution
		SolutionGuid = {6F343D05-D6C3-4D37-AADF-D1B598C0AE73}
	EndGlobalSection
EndGlobal
